
Microsoft Visual Studio Solution File, Format Version 12.00
# Visual Studio Version 16
VisualStudioVersion = 16.0.32602.290
MinimumVisualStudioVersion = 10.0.40219.1
Project("{FAE04EC0-301F-11D3-BF4B-00C04F79EFBC}") = "FileParser_Samples_Tests", "FileParser_Samples_Tests\FileParser_Samples_Tests.csproj", "{FBD362FD-9C01-40A0-94C4-6783C4F7BB9C}"
EndProject
Global
	GlobalSection(SolutionConfigurationPlatforms) = preSolution
		Debug|Any CPU = Debug|Any CPU
		Release|Any CPU = Release|Any CPU
	EndGlobalSection
	GlobalSection(ProjectConfigurationPlatforms) = postSolution
		{FBD362FD-9C01-40A0-94C4-6783C4F7BB9C}.Debug|Any CPU.ActiveCfg = Debug|Any CPU
		{FBD362FD-9C01-40A0-94C4-6783C4F7BB9C}.Debug|Any CPU.Build.0 = Debug|Any CPU
		{FBD362FD-9C01-40A0-94C4-6783C4F7BB9C}.Release|Any CPU.ActiveCfg = Release|Any CPU
		{FBD362FD-9C01-40A0-94C4-6783C4F7BB9C}.Release|Any CPU.Build.0 = Release|Any CPU
	EndGlobalSection
	GlobalSection(SolutionProperties) = preSolution
		HideSolutionNode = FALSE
	EndGlobalSection
	GlobalSection(ExtensibilityGlobals) = postSolution
		SolutionGuid = {3051D845-E759-4EA1-B154-51DC0AA203EF}
	EndGlobalSection
EndGlobal
